
Microsoft Visual Studio Solution File, Format Version 12.00
# Visual Studio 15
VisualStudioVersion = 15.0.26730.16
MinimumVisualStudioVersion = 10.0.40219.1
Project("{9A19103F-16F7-4668-BE54-9A1E7A4F7556}") = "Realtime.TesterCore", "RealtimeTester\Realtime.TesterCore.csproj", "{C4C918B4-4261-4B52-B0F2-51437ED599A5}"
EndProject
Project("{FAE04EC0-301F-11D3-BF4B-00C04F79EFBC}") = "Realtime.Tester.RabbitMq", "Realtime.Tester.RabbitMq\Realtime.Tester.RabbitMq.csproj", "{7F21D52A-C5C8-4616-8487-74D71E6EA93A}"
EndProject
Project("{FAE04EC0-301F-11D3-BF4B-00C04F79EFBC}") = "Realtime.Tester.Mirth", "Realtime.Tester.Mirth\Realtime.Tester.Mirth.csproj", "{318B4E7F-35AC-46E5-BD4E-7C00677E9A9C}"
EndProject
Project("{FAE04EC0-301F-11D3-BF4B-00C04F79EFBC}") = "Realtime.Interfaces", "Realtime.Interfaces\Realtime.Interfaces.csproj", "{7FEF664D-A294-4719-95C5-9F85BA3EFFB6}"
EndProject
Project("{FAE04EC0-301F-11D3-BF4B-00C04F79EFBC}") = "Realtime.Tester", "Realtime.Tester\Realtime.Tester.csproj", "{BAEBD8CB-B43D-42C5-9C28-6B93C094AD1F}"
EndProject
Project("{FAE04EC0-301F-11D3-BF4B-00C04F79EFBC}") = "Realtime.Tester.Certificates", "Realtime.Tester.Certificates\Realtime.Tester.Certificates.csproj", "{8546DDCF-A183-4A35-8FA9-23B80BB1D0F9}"
EndProject
Project("{FAE04EC0-301F-11D3-BF4B-00C04F79EFBC}") = "Realtime.Tester.Certificates.Windows", "Realtime.Tester.Certificates.Windows\Realtime.Tester.Certificates.Windows.csproj", "{37EA2805-1B0E-438B-8E71-B5FAFD8C83A8}"
EndProject
Global
	GlobalSection(SolutionConfigurationPlatforms) = preSolution
		Debug|Any CPU = Debug|Any CPU
		Release|Any CPU = Release|Any CPU
	EndGlobalSection
	GlobalSection(ProjectConfigurationPlatforms) = postSolution
		{C4C918B4-4261-4B52-B0F2-51437ED599A5}.Debug|Any CPU.ActiveCfg = Debug|Any CPU
		{C4C918B4-4261-4B52-B0F2-51437ED599A5}.Debug|Any CPU.Build.0 = Debug|Any CPU
		{C4C918B4-4261-4B52-B0F2-51437ED599A5}.Release|Any CPU.ActiveCfg = Release|Any CPU
		{C4C918B4-4261-4B52-B0F2-51437ED599A5}.Release|Any CPU.Build.0 = Release|Any CPU
		{7F21D52A-C5C8-4616-8487-74D71E6EA93A}.Debug|Any CPU.ActiveCfg = Debug|Any CPU
		{7F21D52A-C5C8-4616-8487-74D71E6EA93A}.Debug|Any CPU.Build.0 = Debug|Any CPU
		{7F21D52A-C5C8-4616-8487-74D71E6EA93A}.Release|Any CPU.ActiveCfg = Release|Any CPU
		{7F21D52A-C5C8-4616-8487-74D71E6EA93A}.Release|Any CPU.Build.0 = Release|Any CPU
		{318B4E7F-35AC-46E5-BD4E-7C00677E9A9C}.Debug|Any CPU.ActiveCfg = Debug|Any CPU
		{318B4E7F-35AC-46E5-BD4E-7C00677E9A9C}.Debug|Any CPU.Build.0 = Debug|Any CPU
		{318B4E7F-35AC-46E5-BD4E-7C00677E9A9C}.Release|Any CPU.ActiveCfg = Release|Any CPU
		{318B4E7F-35AC-46E5-BD4E-7C00677E9A9C}.Release|Any CPU.Build.0 = Release|Any CPU
		{7FEF664D-A294-4719-95C5-9F85BA3EFFB6}.Debug|Any CPU.ActiveCfg = Debug|Any CPU
		{7FEF664D-A294-4719-95C5-9F85BA3EFFB6}.Debug|Any CPU.Build.0 = Debug|Any CPU
		{7FEF664D-A294-4719-95C5-9F85BA3EFFB6}.Release|Any CPU.ActiveCfg = Release|Any CPU
		{7FEF664D-A294-4719-95C5-9F85BA3EFFB6}.Release|Any CPU.Build.0 = Release|Any CPU
		{BAEBD8CB-B43D-42C5-9C28-6B93C094AD1F}.Debug|Any CPU.ActiveCfg = Debug|Any CPU
		{BAEBD8CB-B43D-42C5-9C28-6B93C094AD1F}.Debug|Any CPU.Build.0 = Debug|Any CPU
		{BAEBD8CB-B43D-42C5-9C28-6B93C094AD1F}.Release|Any CPU.ActiveCfg = Release|Any CPU
		{BAEBD8CB-B43D-42C5-9C28-6B93C094AD1F}.Release|Any CPU.Build.0 = Release|Any CPU
		{8546DDCF-A183-4A35-8FA9-23B80BB1D0F9}.Debug|Any CPU.ActiveCfg = Debug|Any CPU
		{8546DDCF-A183-4A35-8FA9-23B80BB1D0F9}.Debug|Any CPU.Build.0 = Debug|Any CPU
		{8546DDCF-A183-4A35-8FA9-23B80BB1D0F9}.Release|Any CPU.ActiveCfg = Release|Any CPU
		{8546DDCF-A183-4A35-8FA9-23B80BB1D0F9}.Release|Any CPU.Build.0 = Release|Any CPU
		{37EA2805-1B0E-438B-8E71-B5FAFD8C83A8}.Debug|Any CPU.ActiveCfg = Debug|Any CPU
		{37EA2805-1B0E-438B-8E71-B5FAFD8C83A8}.Debug|Any CPU.Build.0 = Debug|Any CPU
		{37EA2805-1B0E-438B-8E71-B5FAFD8C83A8}.Release|Any CPU.ActiveCfg = Release|Any CPU
		{37EA2805-1B0E-438B-8E71-B5FAFD8C83A8}.Release|Any CPU.Build.0 = Release|Any CPU
	EndGlobalSection
	GlobalSection(SolutionProperties) = preSolution
		HideSolutionNode = FALSE
	EndGlobalSection
	GlobalSection(ExtensibilityGlobals) = postSolution
		SolutionGuid = {D9671D11-1733-4C2F-96BC-25B030AF1556}
	EndGlobalSection
EndGlobal
